
Microsoft Visual Studio Solution File, Format Version 12.00
Project("{FAE04EC0-301F-11D3-BF4B-00C04F79EFBC}") = "PixelPaint", "PixelPaint\PixelPaint.csproj", "{119D0C3D-4278-446A-9595-B5975631009C}"
EndProject
Project("{FAE04EC0-301F-11D3-BF4B-00C04F79EFBC}") = "PixelPaintTests", "PixelPaintTests\PixelPaintTests.csproj", "{9F754213-DB7C-4A70-B800-05CFF58D1DD3}"
EndProject
Project("{FAE04EC0-301F-11D3-BF4B-00C04F79EFBC}") = "PixelPaintBenchmarks", "PixelPaintBenchmarks\PixelPaintBenchmarks.csproj", "{EF291588-2FB2-464D-B11C-173AC7D8E449}"
EndProject
Global
	GlobalSection(SolutionConfigurationPlatforms) = preSolution
		Debug|Any CPU = Debug|Any CPU
		Debug|x64 = Debug|x64
		Debug|x86 = Debug|x86
		Release|Any CPU = Release|Any CPU
		Release|x64 = Release|x64
		Release|x86 = Release|x86
	EndGlobalSection
	GlobalSection(ProjectConfigurationPlatforms) = postSolution
		{119D0C3D-4278-446A-9595-B5975631009C}.Debug|Any CPU.ActiveCfg = Debug|Any CPU
		{119D0C3D-4278-446A-9595-B5975631009C}.Debug|Any CPU.Build.0 = Debug|Any CPU
		{119D0C3D-4278-446A-9595-B5975631009C}.Debug|x64.ActiveCfg = Debug|Any CPU
		{119D0C3D-4278-446A-9595-B5975631009C}.Debug|x64.Build.0 = Debug|Any CPU
		{119D0C3D-4278-446A-9595-B5975631009C}.Debug|x86.ActiveCfg = Debug|Any CPU
		{119D0C3D-4278-446A-9595-B5975631009C}.Debug|x86.Build.0 = Debug|Any CPU
		{119D0C3D-4278-446A-9595-B5975631009C}.Release|Any CPU.ActiveCfg = Release|Any CPU
		{119D0C3D-4278-446A-9595-B5975631009C}.Release|Any CPU.Build.0 = Release|Any CPU
		{119D0C3D-4278-446A-9595-B5975631009C}.Release|x64.ActiveCfg = Release|Any CPU
		{119D0C3D-4278-446A-9595-B5975631009C}.Release|x64.Build.0 = Release|Any CPU
		{119D0C3D-4278-446A-9595-B5975631009C}.Release|x86.ActiveCfg = Release|Any CPU
		{119D0C3D-4278-446A-9595-B5975631009C}.Release|x86.Build.0 = Release|Any CPU
		{9F754213-DB7C-4A70-B800-05CFF58D1DD3}.Debug|Any CPU.ActiveCfg = Debug|Any CPU
		{9F754213-DB7C-4A70-B800-05CFF58D1DD3}.Debug|Any CPU.Build.0 = Debug|Any CPU
		{9F754213-DB7C-4A70-B800-05CFF58D1DD3}.Debug|x64.ActiveCfg = Debug|Any CPU
		{9F754213-DB7C-4A70-B800-05CFF58D1DD3}.Debug|x64.Build.0 = Debug|Any CPU
		{9F754213-DB7C-4A70-B800-05CFF58D1DD3}.Debug|x86.ActiveCfg = Debug|Any CPU
		{9F754213-DB7C-4A70-B800-05CFF58D1DD3}.Debug|x86.Build.0 = Debug|Any CPU
		{9F754213-DB7C-4A70-B800-05CFF58D1DD3}.Release|Any CPU.ActiveCfg = Release|Any CPU
		{9F754213-DB7C-4A70-B800-05CFF58D1DD3}.Release|Any CPU.Build.0 = Release|Any CPU
		{9F754213-DB7C-4A70-B800-05CFF58D1DD3}.Release|x64.ActiveCfg = Release|Any CPU
		{9F754213-DB7C-4A70-B800-05CFF58D1DD3}.Release|x64.Build.0 = Release|Any CPU
		{9F754213-DB7C-4A70-B800-05CFF58D1DD3}.Release|x86.ActiveCfg = Release|Any CPU
		{9F754213-DB7C-4A70-B800-05CFF58D1DD3}.Release|x86.Build.0 = Release|Any CPU
		{EF291588-2FB2-464D-B11C-173AC7D8E449}.Debug|Any CPU.ActiveCfg = Debug|Any CPU
		{EF291588-2FB2-464D-B11C-173AC7D8E449}.Debug|Any CPU.Build.0 = Debug|Any CPU
		{EF291588-2FB2-464D-B11C-173AC7D8E449}.Debug|x64.ActiveCfg = Debug|Any CPU
		{EF291588-2FB2-464D-B11C-173AC7D8E449}.Debug|x64.Build.0 = Debug|Any CPU
		{EF291588-2FB2-464D-B11C-173AC7D8E449}.Debug|x86.ActiveCfg = Debug|Any CPU
		{EF291588-2FB2-464D-B11C-173AC7D8E449}.Debug|x86.Build.0 = Debug|Any CPU
		{EF291588-2FB2-464D-B11C-173AC7D8E449}.Release|Any CPU.ActiveCfg = Release|Any CPU
		{EF291588-2FB2-464D-B11C-173AC7D8E449}.Release|Any CPU.Build.0 = Release|Any CPU
		{EF291588-2FB2-464D-B11C-173AC7D8E449}.Release|x64.ActiveCfg = Release|Any CPU
		{EF291588-2FB2-464D-B11C-173AC7D8E449}.Release|x64.Build.0 = Release|Any CPU
		{EF291588-2FB2-464D-B11C-173AC7D8E449}.Release|x86.ActiveCfg = Release|Any CPU
		{EF291588-2FB2-464D-B11C-173AC7D8E449}.Release|x86.Build.0 = Release|Any CPU
	EndGlobalSection
	GlobalSection(SolutionProperties) = preSolution
		HideSolutionNode = FALSE
	EndGlobalSection
EndGlobal
